// !$*UTF8*$!
{
	archiveVersion = 1;
	classes = {
	};
	objectVersion = 77;
	objects = {

/* Begin PBXBuildFile section */
		9D9AADD0DA30E07F320071A3 /* Pods_SpiceMonk.framework in Frameworks */ = {isa = PBXBuildFile; fileRef = B2B952BC166F1B3357A409EC /* Pods_SpiceMonk.framework */; };
		C5784A353039E60000C60492 /* VariantSelectorSheet.swift in Sources */ = {isa = PBXBuildFile; fileRef = C5784A343039E60000C60492 /* VariantSelectorSheet.swift */; };
		C5784A373039EDC300C60492 /* ApplyCouponSheet.swift in Sources */ = {isa = PBXBuildFile; fileRef = C5784A363039EDC300C60492 /* ApplyCouponSheet.swift */; };
		C5784A393039EEA200C60492 /* PaymentMethodPickerSheet.swift in Sources */ = {isa = PBXBuildFile; fileRef = C5784A383039EEA200C60492 /* PaymentMethodPickerSheet.swift */; };
		C5784A3F3039F03C00C60492 /* OrderModels.swift in Sources */ = {isa = PBXBuildFile; fileRef = C5784A3A3039F03C00C60492 /* OrderModels.swift */; };
		C5784A403039F03C00C60492 /* OrderServiceManager.swift in Sources */ = {isa = PBXBuildFile; fileRef = C5784A3B3039F03C00C60492 /* OrderServiceManager.swift */; };
		C5784A413039F03C00C60492 /* OrdersScreen.swift in Sources */ = {isa = PBXBuildFile; fileRef = C5784A3C3039F03C00C60492 /* OrdersScreen.swift */; };
		C5784A423039F03C00C60492 /* OrdersViewModel.swift in Sources */ = {isa = PBXBuildFile; fileRef = C5784A3D3039F03C00C60492 /* OrdersViewModel.swift */; };
		C5784A453039F6A800C60492 /* OrderDetailViewModel.swift in Sources */ = {isa = PBXBuildFile; fileRef = C5784A443039F6A800C60492 /* OrderDetailViewModel.swift */; };
		C5784A463039F6A800C60492 /* OrderDetailScreen.swift in Sources */ = {isa = PBXBuildFile; fileRef = C5784A433039F6A800C60492 /* OrderDetailScreen.swift */; };
		C5784A483039F97500C60492 /* OrderSuccessScreen.swift in Sources */ = {isa = PBXBuildFile; fileRef = C5784A473039F97500C60492 /* OrderSuccessScreen.swift */; };
		C5784A4A3039FB4700C60492 /* PaymentSimulationSheet.swift in Sources */ = {isa = PBXBuildFile; fileRef = C5784A493039FB4700C60492 /* PaymentSimulationSheet.swift */; };
		C5784A51303A000100C60492 /* GoogleMapsConfig.swift in Sources */ = {isa = PBXBuildFile; fileRef = C5784A50303A000100C60492 /* GoogleMapsConfig.swift */; };
		C5784A53303A000200C60492 /* LocationManager.swift in Sources */ = {isa = PBXBuildFile; fileRef = C5784A52303A000200C60492 /* LocationManager.swift */; };
		C5784A55303A000300C60492 /* GoogleMapView.swift in Sources */ = {isa = PBXBuildFile; fileRef = C5784A54303A000300C60492 /* GoogleMapView.swift */; };
		C5784A57303A000400C60492 /* LocationPickerScreen.swift in Sources */ = {isa = PBXBuildFile; fileRef = C5784A56303A000400C60492 /* LocationPickerScreen.swift */; };
		C5784A60303A000600C60492 /* AppFont.swift in Sources */ = {isa = PBXBuildFile; fileRef = C5784A61303A000600C60492 /* AppFont.swift */; };
		C5784A62303A000700C60492 /* DMSans-Regular.ttf in Resources */ = {isa = PBXBuildFile; fileRef = C5784A63303A000700C60492 /* DMSans-Regular.ttf */; };
		C5784A64303A000800C60492 /* DMSans-Medium.ttf in Resources */ = {isa = PBXBuildFile; fileRef = C5784A65303A000800C60492 /* DMSans-Medium.ttf */; };
		C5784A66303A000900C60492 /* DMSans-Bold.ttf in Resources */ = {isa = PBXBuildFile; fileRef = C5784A67303A000900C60492 /* DMSans-Bold.ttf */; };
		C5784A68303A000A00C60492 /* DMSans-Italic.ttf in Resources */ = {isa = PBXBuildFile; fileRef = C5784A69303A000A00C60492 /* DMSans-Italic.ttf */; };
		C5784A6A303A000B00C60492 /* DMSans-BoldItalic.ttf in Resources */ = {isa = PBXBuildFile; fileRef = C5784A6B303A000B00C60492 /* DMSans-BoldItalic.ttf */; };
		C58CD04C303C4F5F0038A272 /* SavedAddressesScreen.swift in Sources */ = {isa = PBXBuildFile; fileRef = C58CD04B303C4F5F0038A272 /* SavedAddressesScreen.swift */; };
		C59C00913045596400A44298 /* GoogleService-Info.plist in Resources */ = {isa = PBXBuildFile; fileRef = C59C00903045596400A44298 /* GoogleService-Info.plist */; };
		C5B2E70E30400C2A00107F9B /* AppStatusManager.swift in Sources */ = {isa = PBXBuildFile; fileRef = C5B2E70C30400C2A00107F9B /* AppStatusManager.swift */; };
		C5B2E71030400D7100107F9B /* AppStatusDialogs.swift in Sources */ = {isa = PBXBuildFile; fileRef = C5B2E70F30400D7100107F9B /* AppStatusDialogs.swift */; };
		C5F10F68303D79F100525CC1 /* AuthSessionManager.swift in Sources */ = {isa = PBXBuildFile; fileRef = C5F10F67303D79F100525CC1 /* AuthSessionManager.swift */; };
		DD2F2278302F29FD0025FC97 /* Assets.xcassets in Resources */ = {isa = PBXBuildFile; fileRef = DD2F2274302F29FD0025FC97 /* Assets.xcassets */; };
		DD2F2279302F29FD0025FC97 /* LaunchScreen.storyboard in Resources */ = {isa = PBXBuildFile; fileRef = DD2F2275302F29FD0025FC97 /* LaunchScreen.storyboard */; };
		DD2F227A302F29FD0025FC97 /* NetworkServiceManagable.swift in Sources */ = {isa = PBXBuildFile; fileRef = DD2F2256302F29FD0025FC97 /* NetworkServiceManagable.swift */; };
		DD2F227B302F29FD0025FC97 /* NetworkServiceManager.swift in Sources */ = {isa = PBXBuildFile; fileRef = DD2F2257302F29FD0025FC97 /* NetworkServiceManager.swift */; };
		DD2F227C302F29FD0025FC97 /* RequestConstant.swift in Sources */ = {isa = PBXBuildFile; fileRef = DD2F2258302F29FD0025FC97 /* RequestConstant.swift */; };
		DD2F227D302F29FD0025FC97 /* APIRouter.swift in Sources */ = {isa = PBXBuildFile; fileRef = DD2F225A302F29FD0025FC97 /* APIRouter.swift */; };
		DD2F227E302F29FD0025FC97 /* RouterManagable.swift in Sources */ = {isa = PBXBuildFile; fileRef = DD2F225B302F29FD0025FC97 /* RouterManagable.swift */; };
		DD2F227F302F29FD0025FC97 /* AppRootManager.swift in Sources */ = {isa = PBXBuildFile; fileRef = DD2F225D302F29FD0025FC97 /* AppRootManager.swift */; };
		DD2F2280302F29FD0025FC97 /* NetworkMonitor.swift in Sources */ = {isa = PBXBuildFile; fileRef = DD2F225E302F29FD0025FC97 /* NetworkMonitor.swift */; };
		DD2F2281302F29FD0025FC97 /* UserDefaultManager.swift in Sources */ = {isa = PBXBuildFile; fileRef = DD2F225F302F29FD0025FC97 /* UserDefaultManager.swift */; };
		DD2F2282302F29FD0025FC97 /* Color+Extension.swift in Sources */ = {isa = PBXBuildFile; fileRef = DD2F2261302F29FD0025FC97 /* Color+Extension.swift */; };
		DD2F2283302F29FD0025FC97 /* String+Extension.swift in Sources */ = {isa = PBXBuildFile; fileRef = DD2F2262302F29FD0025FC97 /* String+Extension.swift */; };
		DD2F2284302F29FD0025FC97 /* View+NoInternet.swift in Sources */ = {isa = PBXBuildFile; fileRef = DD2F2263302F29FD0025FC97 /* View+NoInternet.swift */; };
		DD2F2285302F29FD0025FC97 /* HomeScreen.swift in Sources */ = {isa = PBXBuildFile; fileRef = DD2F2265302F29FD0025FC97 /* HomeScreen.swift */; };
		DD2F2286302F29FD0025FC97 /* HomeServiceManager.swift in Sources */ = {isa = PBXBuildFile; fileRef = DD2F2266302F29FD0025FC97 /* HomeServiceManager.swift */; };
		DD2F2287302F29FD0025FC97 /* HomeViewModel.swift in Sources */ = {isa = PBXBuildFile; fileRef = DD2F2267302F29FD0025FC97 /* HomeViewModel.swift */; };
		DD2F2288302F29FD0025FC97 /* LoginScreen.swift in Sources */ = {isa = PBXBuildFile; fileRef = DD2F2269302F29FD0025FC97 /* LoginScreen.swift */; };
		DD2F2289302F29FD0025FC97 /* LoginServiceManager.swift in Sources */ = {isa = PBXBuildFile; fileRef = DD2F226A302F29FD0025FC97 /* LoginServiceManager.swift */; };
		DD2F228A302F29FD0025FC97 /* LoginViewModel.swift in Sources */ = {isa = PBXBuildFile; fileRef = DD2F226B302F29FD0025FC97 /* LoginViewModel.swift */; };
		DD2F228B302F29FD0025FC97 /* SplashScreen.swift in Sources */ = {isa = PBXBuildFile; fileRef = DD2F226D302F29FD0025FC97 /* SplashScreen.swift */; };
		DD2F228C302F29FD0025FC97 /* AlertToast.swift in Sources */ = {isa = PBXBuildFile; fileRef = DD2F2270302F29FD0025FC97 /* AlertToast.swift */; };
		DD2F228D302F29FD0025FC97 /* AppConstant.swift in Sources */ = {isa = PBXBuildFile; fileRef = DD2F2271302F29FD0025FC97 /* AppConstant.swift */; };
		DD2F228E302F29FD0025FC97 /* AppDelegate.swift in Sources */ = {isa = PBXBuildFile; fileRef = DD2F2273302F29FD0025FC97 /* AppDelegate.swift */; };
		DD2F228F302F29FD0025FC97 /* SpiceMonkApp.swift in Sources */ = {isa = PBXBuildFile; fileRef = DD2F2276302F29FD0025FC97 /* SpiceMonkApp.swift */; };
		DD2F2294302F3A010025FC97 /* AppTheme.swift in Sources */ = {isa = PBXBuildFile; fileRef = DD2F2290302F3A010025FC97 /* AppTheme.swift */; };
		DD2F2295302F3A010025FC97 /* SpiceDecorView.swift in Sources */ = {isa = PBXBuildFile; fileRef = DD2F2291302F3A010025FC97 /* SpiceDecorView.swift */; };
		DD2F2296302F3A010025FC97 /* OTPVerifyScreen.swift in Sources */ = {isa = PBXBuildFile; fileRef = DD2F2292302F3A010025FC97 /* OTPVerifyScreen.swift */; };
		DD2F2297302F3A010025FC97 /* OTPVerifyViewModel.swift in Sources */ = {isa = PBXBuildFile; fileRef = DD2F2293302F3A010025FC97 /* OTPVerifyViewModel.swift */; };
		DD2F229B302F4B010025FC97 /* SpiceIllustrations.swift in Sources */ = {isa = PBXBuildFile; fileRef = DD2F2298302F4B010025FC97 /* SpiceIllustrations.swift */; };
		DD2F229C302F4B010025FC97 /* AnimatedBrandBackground.swift in Sources */ = {isa = PBXBuildFile; fileRef = DD2F2299302F4B010025FC97 /* AnimatedBrandBackground.swift */; };
		DD2F229D302F4B010025FC97 /* SpiceBackdrops.swift in Sources */ = {isa = PBXBuildFile; fileRef = DD2F229A302F4B010025FC97 /* SpiceBackdrops.swift */; };
		DD2F229F302F5C010025FC97 /* LenientDecoding.swift in Sources */ = {isa = PBXBuildFile; fileRef = DD2F229E302F5C010025FC97 /* LenientDecoding.swift */; };
		DD2F22A4302F6D010025FC97 /* HomeModels.swift in Sources */ = {isa = PBXBuildFile; fileRef = DD2F22A0302F6D010025FC97 /* HomeModels.swift */; };
		DD2F22A5302F6D010025FC97 /* ProductCard.swift in Sources */ = {isa = PBXBuildFile; fileRef = DD2F22A1302F6D010025FC97 /* ProductCard.swift */; };
		DD2F22A6302F6D010025FC97 /* HomeWidgetViews.swift in Sources */ = {isa = PBXBuildFile; fileRef = DD2F22A2302F6D010025FC97 /* HomeWidgetViews.swift */; };
		DD2F22A7302F6D010025FC97 /* HomeChrome.swift in Sources */ = {isa = PBXBuildFile; fileRef = DD2F22A3302F6D010025FC97 /* HomeChrome.swift */; };
		DD2F22A9302F6D010025FC97 /* VoiceSearchSheet.swift in Sources */ = {isa = PBXBuildFile; fileRef = DD2F22A8302F6D010025FC97 /* VoiceSearchSheet.swift */; };
		DD2F22AD302F7E010025FC97 /* AddressModels.swift in Sources */ = {isa = PBXBuildFile; fileRef = DD2F22A9302F7E010025FC97 /* AddressModels.swift */; };
		DD2F22AE302F7E010025FC97 /* AddressServiceManager.swift in Sources */ = {isa = PBXBuildFile; fileRef = DD2F22AA302F7E010025FC97 /* AddressServiceManager.swift */; };
		DD2F22AF302F7E010025FC97 /* AddressViewModel.swift in Sources */ = {isa = PBXBuildFile; fileRef = DD2F22AB302F7E010025FC97 /* AddressViewModel.swift */; };
		DD2F22B0302F7E010025FC97 /* AddressPickerSheet.swift in Sources */ = {isa = PBXBuildFile; fileRef = DD2F22AC302F7E010025FC97 /* AddressPickerSheet.swift */; };
		DD2F22B3302F8F010025FC97 /* AddressFormViewModel.swift in Sources */ = {isa = PBXBuildFile; fileRef = DD2F22B1302F8F010025FC97 /* AddressFormViewModel.swift */; };
		DD2F22B4302F8F010025FC97 /* AddressFormScreen.swift in Sources */ = {isa = PBXBuildFile; fileRef = DD2F22B2302F8F010025FC97 /* AddressFormScreen.swift */; };
		DD2F22C1302FA0010025FC97 /* RemoteImage.swift in Sources */ = {isa = PBXBuildFile; fileRef = DD2F22C0302FA0010025FC97 /* RemoteImage.swift */; };
		DD2F22D1302FB0010025FC97 /* WidgetProductsViewModel.swift in Sources */ = {isa = PBXBuildFile; fileRef = DD2F22D0302FB0010025FC97 /* WidgetProductsViewModel.swift */; };
		DD2F22D3302FB0010025FC97 /* WidgetProductsScreen.swift in Sources */ = {isa = PBXBuildFile; fileRef = DD2F22D2302FB0010025FC97 /* WidgetProductsScreen.swift */; };
		DD2F22D5302FC0010025FC97 /* CategoryProductsViewModel.swift in Sources */ = {isa = PBXBuildFile; fileRef = DD2F22D4302FC0010025FC97 /* CategoryProductsViewModel.swift */; };
		DD2F22D7302FC0010025FC97 /* CategoryProductsScreen.swift in Sources */ = {isa = PBXBuildFile; fileRef = DD2F22D6302FC0010025FC97 /* CategoryProductsScreen.swift */; };
		DD2F22D9302FD0010025FC97 /* ProductDetailViewModel.swift in Sources */ = {isa = PBXBuildFile; fileRef = DD2F22D8302FD0010025FC97 /* ProductDetailViewModel.swift */; };
		DD2F22DB302FD0010025FC97 /* ProductDetailScreen.swift in Sources */ = {isa = PBXBuildFile; fileRef = DD2F22DA302FD0010025FC97 /* ProductDetailScreen.swift */; };
		DD2F22DD302FE0010025FC97 /* SearchViewModel.swift in Sources */ = {isa = PBXBuildFile; fileRef = DD2F22DC302FE0010025FC97 /* SearchViewModel.swift */; };
		DD2F22DF302FE0010025FC97 /* SearchSuggestionsPane.swift in Sources */ = {isa = PBXBuildFile; fileRef = DD2F22DE302FE0010025FC97 /* SearchSuggestionsPane.swift */; };
		DD2F22E1302FF0010025FC97 /* HomeTabScreens.swift in Sources */ = {isa = PBXBuildFile; fileRef = DD2F22E0302FF0010025FC97 /* HomeTabScreens.swift */; };
		DD2F22E3303000010025FC97 /* CartModels.swift in Sources */ = {isa = PBXBuildFile; fileRef = DD2F22E2303000010025FC97 /* CartModels.swift */; };
		DD2F22E5303000010025FC97 /* CartServiceManager.swift in Sources */ = {isa = PBXBuildFile; fileRef = DD2F22E4303000010025FC97 /* CartServiceManager.swift */; };
		DD2F22E7303000010025FC97 /* CartViewModel.swift in Sources */ = {isa = PBXBuildFile; fileRef = DD2F22E6303000010025FC97 /* CartViewModel.swift */; };
		DD2F22E9303000010025FC97 /* CartScreen.swift in Sources */ = {isa = PBXBuildFile; fileRef = DD2F22E8303000010025FC97 /* CartScreen.swift */; };
/* End PBXBuildFile section */

/* Begin PBXFileReference section */
		429F89C368C7C076766D02F9 /* Pods-SpiceMonk.debug.xcconfig */ = {isa = PBXFileReference; includeInIndex = 1; lastKnownFileType = text.xcconfig; name = "Pods-SpiceMonk.debug.xcconfig"; path = "Target Support Files/Pods-SpiceMonk/Pods-SpiceMonk.debug.xcconfig"; sourceTree = "<group>"; };
		8D15CEC326777E54DCEB7B24 /* Pods-SpiceMonk.release.xcconfig */ = {isa = PBXFileReference; includeInIndex = 1; lastKnownFileType = text.xcconfig; name = "Pods-SpiceMonk.release.xcconfig"; path = "Target Support Files/Pods-SpiceMonk/Pods-SpiceMonk.release.xcconfig"; sourceTree = "<group>"; };
		B2B952BC166F1B3357A409EC /* Pods_SpiceMonk.framework */ = {isa = PBXFileReference; explicitFileType = wrapper.framework; includeInIndex = 0; path = Pods_SpiceMonk.framework; sourceTree = BUILT_PRODUCTS_DIR; };
		C5784A343039E60000C60492 /* VariantSelectorSheet.swift */ = {isa = PBXFileReference; lastKnownFileType = sourcecode.swift; path = VariantSelectorSheet.swift; sourceTree = "<group>"; };
		C5784A363039EDC300C60492 /* ApplyCouponSheet.swift */ = {isa = PBXFileReference; lastKnownFileType = sourcecode.swift; path = ApplyCouponSheet.swift; sourceTree = "<group>"; };
		C5784A383039EEA200C60492 /* PaymentMethodPickerSheet.swift */ = {isa = PBXFileReference; lastKnownFileType = sourcecode.swift; path = PaymentMethodPickerSheet.swift; sourceTree = "<group>"; };
		C5784A3A3039F03C00C60492 /* OrderModels.swift */ = {isa = PBXFileReference; lastKnownFileType = sourcecode.swift; path = OrderModels.swift; sourceTree = "<group>"; };
		C5784A3B3039F03C00C60492 /* OrderServiceManager.swift */ = {isa = PBXFileReference; lastKnownFileType = sourcecode.swift; path = OrderServiceManager.swift; sourceTree = "<group>"; };
		C5784A3C3039F03C00C60492 /* OrdersScreen.swift */ = {isa = PBXFileReference; lastKnownFileType = sourcecode.swift; path = OrdersScreen.swift; sourceTree = "<group>"; };
		C5784A3D3039F03C00C60492 /* OrdersViewModel.swift */ = {isa = PBXFileReference; lastKnownFileType = sourcecode.swift; path = OrdersViewModel.swift; sourceTree = "<group>"; };
		C5784A433039F6A800C60492 /* OrderDetailScreen.swift */ = {isa = PBXFileReference; lastKnownFileType = sourcecode.swift; path = OrderDetailScreen.swift; sourceTree = "<group>"; };
		C5784A443039F6A800C60492 /* OrderDetailViewModel.swift */ = {isa = PBXFileReference; lastKnownFileType = sourcecode.swift; path = OrderDetailViewModel.swift; sourceTree = "<group>"; };
		C5784A473039F97500C60492 /* OrderSuccessScreen.swift */ = {isa = PBXFileReference; lastKnownFileType = sourcecode.swift; path = OrderSuccessScreen.swift; sourceTree = "<group>"; };
		C5784A493039FB4700C60492 /* PaymentSimulationSheet.swift */ = {isa = PBXFileReference; lastKnownFileType = sourcecode.swift; path = PaymentSimulationSheet.swift; sourceTree = "<group>"; };
		C5784A50303A000100C60492 /* GoogleMapsConfig.swift */ = {isa = PBXFileReference; lastKnownFileType = sourcecode.swift; path = GoogleMapsConfig.swift; sourceTree = "<group>"; };
		C5784A52303A000200C60492 /* LocationManager.swift */ = {isa = PBXFileReference; lastKnownFileType = sourcecode.swift; path = LocationManager.swift; sourceTree = "<group>"; };
		C5784A54303A000300C60492 /* GoogleMapView.swift */ = {isa = PBXFileReference; lastKnownFileType = sourcecode.swift; path = GoogleMapView.swift; sourceTree = "<group>"; };
		C5784A56303A000400C60492 /* LocationPickerScreen.swift */ = {isa = PBXFileReference; lastKnownFileType = sourcecode.swift; path = LocationPickerScreen.swift; sourceTree = "<group>"; };
		C5784A58303A000500C60492 /* Info.plist */ = {isa = PBXFileReference; lastKnownFileType = text.plist.xml; path = Info.plist; sourceTree = "<group>"; };
		C5784A61303A000600C60492 /* AppFont.swift */ = {isa = PBXFileReference; lastKnownFileType = sourcecode.swift; path = AppFont.swift; sourceTree = "<group>"; };
		C5784A63303A000700C60492 /* DMSans-Regular.ttf */ = {isa = PBXFileReference; lastKnownFileType = file; path = "DMSans-Regular.ttf"; sourceTree = "<group>"; };
		C5784A65303A000800C60492 /* DMSans-Medium.ttf */ = {isa = PBXFileReference; lastKnownFileType = file; path = "DMSans-Medium.ttf"; sourceTree = "<group>"; };
		C5784A67303A000900C60492 /* DMSans-Bold.ttf */ = {isa = PBXFileReference; lastKnownFileType = file; path = "DMSans-Bold.ttf"; sourceTree = "<group>"; };
		C5784A69303A000A00C60492 /* DMSans-Italic.ttf */ = {isa = PBXFileReference; lastKnownFileType = file; path = "DMSans-Italic.ttf"; sourceTree = "<group>"; };
		C5784A6B303A000B00C60492 /* DMSans-BoldItalic.ttf */ = {isa = PBXFileReference; lastKnownFileType = file; path = "DMSans-BoldItalic.ttf"; sourceTree = "<group>"; };
		C58CD04B303C4F5F0038A272 /* SavedAddressesScreen.swift */ = {isa = PBXFileReference; lastKnownFileType = sourcecode.swift; path = SavedAddressesScreen.swift; sourceTree = "<group>"; };
		C59C00903045596400A44298 /* GoogleService-Info.plist */ = {isa = PBXFileReference; lastKnownFileType = text.plist.xml; path = "GoogleService-Info.plist"; sourceTree = "<group>"; };
		C59C009C3045AF6500A44298 /* SpiceMonk.entitlements */ = {isa = PBXFileReference; lastKnownFileType = text.plist.entitlements; path = SpiceMonk.entitlements; sourceTree = "<group>"; };
		C5B2E70C30400C2A00107F9B /* AppStatusManager.swift */ = {isa = PBXFileReference; lastKnownFileType = sourcecode.swift; path = AppStatusManager.swift; sourceTree = "<group>"; };
		C5B2E70F30400D7100107F9B /* AppStatusDialogs.swift */ = {isa = PBXFileReference; lastKnownFileType = sourcecode.swift; path = AppStatusDialogs.swift; sourceTree = "<group>"; };
		C5F10F67303D79F100525CC1 /* AuthSessionManager.swift */ = {isa = PBXFileReference; lastKnownFileType = sourcecode.swift; path = AuthSessionManager.swift; sourceTree = "<group>"; };
		DD2F21A1302F20850025FC97 /* SpiceMonk.app */ = {isa = PBXFileReference; explicitFileType = wrapper.application; includeInIndex = 0; path = SpiceMonk.app; sourceTree = BUILT_PRODUCTS_DIR; };
		DD2F2256302F29FD0025FC97 /* NetworkServiceManagable.swift */ = {isa = PBXFileReference; lastKnownFileType = sourcecode.swift; path = NetworkServiceManagable.swift; sourceTree = "<group>"; };
		DD2F2257302F29FD0025FC97 /* NetworkServiceManager.swift */ = {isa = PBXFileReference; lastKnownFileType = sourcecode.swift; path = NetworkServiceManager.swift; sourceTree = "<group>"; };
		DD2F2258302F29FD0025FC97 /* RequestConstant.swift */ = {isa = PBXFileReference; lastKnownFileType = sourcecode.swift; path = RequestConstant.swift; sourceTree = "<group>"; };
		DD2F225A302F29FD0025FC97 /* APIRouter.swift */ = {isa = PBXFileReference; lastKnownFileType = sourcecode.swift; path = APIRouter.swift; sourceTree = "<group>"; };
		DD2F225B302F29FD0025FC97 /* RouterManagable.swift */ = {isa = PBXFileReference; lastKnownFileType = sourcecode.swift; path = RouterManagable.swift; sourceTree = "<group>"; };
		DD2F225D302F29FD0025FC97 /* AppRootManager.swift */ = {isa = PBXFileReference; lastKnownFileType = sourcecode.swift; path = AppRootManager.swift; sourceTree = "<group>"; };
		DD2F225E302F29FD0025FC97 /* NetworkMonitor.swift */ = {isa = PBXFileReference; lastKnownFileType = sourcecode.swift; path = NetworkMonitor.swift; sourceTree = "<group>"; };
		DD2F225F302F29FD0025FC97 /* UserDefaultManager.swift */ = {isa = PBXFileReference; lastKnownFileType = sourcecode.swift; path = UserDefaultManager.swift; sourceTree = "<group>"; };
		DD2F2261302F29FD0025FC97 /* Color+Extension.swift */ = {isa = PBXFileReference; lastKnownFileType = sourcecode.swift; path = "Color+Extension.swift"; sourceTree = "<group>"; };
		DD2F2262302F29FD0025FC97 /* String+Extension.swift */ = {isa = PBXFileReference; lastKnownFileType = sourcecode.swift; path = "String+Extension.swift"; sourceTree = "<group>"; };
		DD2F2263302F29FD0025FC97 /* View+NoInternet.swift */ = {isa = PBXFileReference; lastKnownFileType = sourcecode.swift; path = "View+NoInternet.swift"; sourceTree = "<group>"; };
		DD2F2265302F29FD0025FC97 /* HomeScreen.swift */ = {isa = PBXFileReference; lastKnownFileType = sourcecode.swift; path = HomeScreen.swift; sourceTree = "<group>"; };
		DD2F2266302F29FD0025FC97 /* HomeServiceManager.swift */ = {isa = PBXFileReference; lastKnownFileType = sourcecode.swift; path = HomeServiceManager.swift; sourceTree = "<group>"; };
		DD2F2267302F29FD0025FC97 /* HomeViewModel.swift */ = {isa = PBXFileReference; lastKnownFileType = sourcecode.swift; path = HomeViewModel.swift; sourceTree = "<group>"; };
		DD2F2269302F29FD0025FC97 /* LoginScreen.swift */ = {isa = PBXFileReference; lastKnownFileType = sourcecode.swift; path = LoginScreen.swift; sourceTree = "<group>"; };
		DD2F226A302F29FD0025FC97 /* LoginServiceManager.swift */ = {isa = PBXFileReference; lastKnownFileType = sourcecode.swift; path = LoginServiceManager.swift; sourceTree = "<group>"; };
		DD2F226B302F29FD0025FC97 /* LoginViewModel.swift */ = {isa = PBXFileReference; lastKnownFileType = sourcecode.swift; path = LoginViewModel.swift; sourceTree = "<group>"; };
		DD2F226D302F29FD0025FC97 /* SplashScreen.swift */ = {isa = PBXFileReference; lastKnownFileType = sourcecode.swift; path = SplashScreen.swift; sourceTree = "<group>"; };
		DD2F2270302F29FD0025FC97 /* AlertToast.swift */ = {isa = PBXFileReference; lastKnownFileType = sourcecode.swift; path = AlertToast.swift; sourceTree = "<group>"; };
		DD2F2271302F29FD0025FC97 /* AppConstant.swift */ = {isa = PBXFileReference; lastKnownFileType = sourcecode.swift; path = AppConstant.swift; sourceTree = "<group>"; };
		DD2F2273302F29FD0025FC97 /* AppDelegate.swift */ = {isa = PBXFileReference; lastKnownFileType = sourcecode.swift; path = AppDelegate.swift; sourceTree = "<group>"; };
		DD2F2274302F29FD0025FC97 /* Assets.xcassets */ = {isa = PBXFileReference; lastKnownFileType = folder.assetcatalog; path = Assets.xcassets; sourceTree = "<group>"; };
		DD2F2275302F29FD0025FC97 /* LaunchScreen.storyboard */ = {isa = PBXFileReference; lastKnownFileType = file.storyboard; path = LaunchScreen.storyboard; sourceTree = "<group>"; };
		DD2F2276302F29FD0025FC97 /* SpiceMonkApp.swift */ = {isa = PBXFileReference; lastKnownFileType = sourcecode.swift; path = SpiceMonkApp.swift; sourceTree = "<group>"; };
		DD2F2290302F3A010025FC97 /* AppTheme.swift */ = {isa = PBXFileReference; lastKnownFileType = sourcecode.swift; path = AppTheme.swift; sourceTree = "<group>"; };
		DD2F2291302F3A010025FC97 /* SpiceDecorView.swift */ = {isa = PBXFileReference; lastKnownFileType = sourcecode.swift; path = SpiceDecorView.swift; sourceTree = "<group>"; };
		DD2F2292302F3A010025FC97 /* OTPVerifyScreen.swift */ = {isa = PBXFileReference; lastKnownFileType = sourcecode.swift; path = OTPVerifyScreen.swift; sourceTree = "<group>"; };
		DD2F2293302F3A010025FC97 /* OTPVerifyViewModel.swift */ = {isa = PBXFileReference; lastKnownFileType = sourcecode.swift; path = OTPVerifyViewModel.swift; sourceTree = "<group>"; };
		DD2F2298302F4B010025FC97 /* SpiceIllustrations.swift */ = {isa = PBXFileReference; lastKnownFileType = sourcecode.swift; path = SpiceIllustrations.swift; sourceTree = "<group>"; };
		DD2F2299302F4B010025FC97 /* AnimatedBrandBackground.swift */ = {isa = PBXFileReference; lastKnownFileType = sourcecode.swift; path = AnimatedBrandBackground.swift; sourceTree = "<group>"; };
		DD2F229A302F4B010025FC97 /* SpiceBackdrops.swift */ = {isa = PBXFileReference; lastKnownFileType = sourcecode.swift; path = SpiceBackdrops.swift; sourceTree = "<group>"; };
		DD2F229E302F5C010025FC97 /* LenientDecoding.swift */ = {isa = PBXFileReference; lastKnownFileType = sourcecode.swift; path = LenientDecoding.swift; sourceTree = "<group>"; };
		DD2F22A0302F6D010025FC97 /* HomeModels.swift */ = {isa = PBXFileReference; lastKnownFileType = sourcecode.swift; path = HomeModels.swift; sourceTree = "<group>"; };
		DD2F22A1302F6D010025FC97 /* ProductCard.swift */ = {isa = PBXFileReference; lastKnownFileType = sourcecode.swift; path = ProductCard.swift; sourceTree = "<group>"; };
		DD2F22A2302F6D010025FC97 /* HomeWidgetViews.swift */ = {isa = PBXFileReference; lastKnownFileType = sourcecode.swift; path = HomeWidgetViews.swift; sourceTree = "<group>"; };
		DD2F22A3302F6D010025FC97 /* HomeChrome.swift */ = {isa = PBXFileReference; lastKnownFileType = sourcecode.swift; path = HomeChrome.swift; sourceTree = "<group>"; };
		DD2F22A8302F6D010025FC97 /* VoiceSearchSheet.swift */ = {isa = PBXFileReference; lastKnownFileType = sourcecode.swift; path = VoiceSearchSheet.swift; sourceTree = "<group>"; };
		DD2F22A9302F7E010025FC97 /* AddressModels.swift */ = {isa = PBXFileReference; lastKnownFileType = sourcecode.swift; path = AddressModels.swift; sourceTree = "<group>"; };
		DD2F22AA302F7E010025FC97 /* AddressServiceManager.swift */ = {isa = PBXFileReference; lastKnownFileType = sourcecode.swift; path = AddressServiceManager.swift; sourceTree = "<group>"; };
		DD2F22AB302F7E010025FC97 /* AddressViewModel.swift */ = {isa = PBXFileReference; lastKnownFileType = sourcecode.swift; path = AddressViewModel.swift; sourceTree = "<group>"; };
		DD2F22AC302F7E010025FC97 /* AddressPickerSheet.swift */ = {isa = PBXFileReference; lastKnownFileType = sourcecode.swift; path = AddressPickerSheet.swift; sourceTree = "<group>"; };
		DD2F22B1302F8F010025FC97 /* AddressFormViewModel.swift */ = {isa = PBXFileReference; lastKnownFileType = sourcecode.swift; path = AddressFormViewModel.swift; sourceTree = "<group>"; };
		DD2F22B2302F8F010025FC97 /* AddressFormScreen.swift */ = {isa = PBXFileReference; lastKnownFileType = sourcecode.swift; path = AddressFormScreen.swift; sourceTree = "<group>"; };
		DD2F22C0302FA0010025FC97 /* RemoteImage.swift */ = {isa = PBXFileReference; lastKnownFileType = sourcecode.swift; path = RemoteImage.swift; sourceTree = "<group>"; };
		DD2F22D0302FB0010025FC97 /* WidgetProductsViewModel.swift */ = {isa = PBXFileReference; lastKnownFileType = sourcecode.swift; path = WidgetProductsViewModel.swift; sourceTree = "<group>"; };
		DD2F22D2302FB0010025FC97 /* WidgetProductsScreen.swift */ = {isa = PBXFileReference; lastKnownFileType = sourcecode.swift; path = WidgetProductsScreen.swift; sourceTree = "<group>"; };
		DD2F22D4302FC0010025FC97 /* CategoryProductsViewModel.swift */ = {isa = PBXFileReference; lastKnownFileType = sourcecode.swift; path = CategoryProductsViewModel.swift; sourceTree = "<group>"; };
		DD2F22D6302FC0010025FC97 /* CategoryProductsScreen.swift */ = {isa = PBXFileReference; lastKnownFileType = sourcecode.swift; path = CategoryProductsScreen.swift; sourceTree = "<group>"; };
		DD2F22D8302FD0010025FC97 /* ProductDetailViewModel.swift */ = {isa = PBXFileReference; lastKnownFileType = sourcecode.swift; path = ProductDetailViewModel.swift; sourceTree = "<group>"; };
		DD2F22DA302FD0010025FC97 /* ProductDetailScreen.swift */ = {isa = PBXFileReference; lastKnownFileType = sourcecode.swift; path = ProductDetailScreen.swift; sourceTree = "<group>"; };
		DD2F22DC302FE0010025FC97 /* SearchViewModel.swift */ = {isa = PBXFileReference; lastKnownFileType = sourcecode.swift; path = SearchViewModel.swift; sourceTree = "<group>"; };
		DD2F22DE302FE0010025FC97 /* SearchSuggestionsPane.swift */ = {isa = PBXFileReference; lastKnownFileType = sourcecode.swift; path = SearchSuggestionsPane.swift; sourceTree = "<group>"; };
		DD2F22E0302FF0010025FC97 /* HomeTabScreens.swift */ = {isa = PBXFileReference; lastKnownFileType = sourcecode.swift; path = HomeTabScreens.swift; sourceTree = "<group>"; };
		DD2F22E2303000010025FC97 /* CartModels.swift */ = {isa = PBXFileReference; lastKnownFileType = sourcecode.swift; path = CartModels.swift; sourceTree = "<group>"; };
		DD2F22E4303000010025FC97 /* CartServiceManager.swift */ = {isa = PBXFileReference; lastKnownFileType = sourcecode.swift; path = CartServiceManager.swift; sourceTree = "<group>"; };
		DD2F22E6303000010025FC97 /* CartViewModel.swift */ = {isa = PBXFileReference; lastKnownFileType = sourcecode.swift; path = CartViewModel.swift; sourceTree = "<group>"; };
		DD2F22E8303000010025FC97 /* CartScreen.swift */ = {isa = PBXFileReference; lastKnownFileType = sourcecode.swift; path = CartScreen.swift; sourceTree = "<group>"; };
/* End PBXFileReference section */

/* Begin PBXFrameworksBuildPhase section */
		DD2F219E302F20850025FC97 /* Frameworks */ = {
			isa = PBXFrameworksBuildPhase;
			buildActionMask = 2147483647;
			files = (
				9D9AADD0DA30E07F320071A3 /* Pods_SpiceMonk.framework in Frameworks */,
			);
			runOnlyForDeploymentPostprocessing = 0;
		};
/* End PBXFrameworksBuildPhase section */

/* Begin PBXGroup section */
		0D890A37118ECBCCAD676CAB /* Frameworks */ = {
			isa = PBXGroup;
			children = (
				B2B952BC166F1B3357A409EC /* Pods_SpiceMonk.framework */,
			);
			name = Frameworks;
			sourceTree = "<group>";
		};
		5D0E515AB5C2DF7C8F77F179 /* Pods */ = {
			isa = PBXGroup;
			children = (
				429F89C368C7C076766D02F9 /* Pods-SpiceMonk.debug.xcconfig */,
				8D15CEC326777E54DCEB7B24 /* Pods-SpiceMonk.release.xcconfig */,
			);
			path = Pods;
			sourceTree = "<group>";
		};
		C5784A3E3039F03C00C60492 /* Orders */ = {
			isa = PBXGroup;
			children = (
				C5784A3A3039F03C00C60492 /* OrderModels.swift */,
				C5784A3B3039F03C00C60492 /* OrderServiceManager.swift */,
				C5784A3C3039F03C00C60492 /* OrdersScreen.swift */,
				C5784A3D3039F03C00C60492 /* OrdersViewModel.swift */,
				C5784A433039F6A800C60492 /* OrderDetailScreen.swift */,
				C5784A443039F6A800C60492 /* OrderDetailViewModel.swift */,
			);
			path = Orders;
			sourceTree = "<group>";
		};
		C5784A6C303A000C00C60492 /* Fonts */ = {
			isa = PBXGroup;
			children = (
				C5784A63303A000700C60492 /* DMSans-Regular.ttf */,
				C5784A65303A000800C60492 /* DMSans-Medium.ttf */,
				C5784A67303A000900C60492 /* DMSans-Bold.ttf */,
				C5784A69303A000A00C60492 /* DMSans-Italic.ttf */,
				C5784A6B303A000B00C60492 /* DMSans-BoldItalic.ttf */,
			);
			path = Fonts;
			sourceTree = "<group>";
		};
		C5784A6D303A000D00C60492 /* Resources */ = {
			isa = PBXGroup;
			children = (
				C5784A6C303A000C00C60492 /* Fonts */,
			);
			path = Resources;
			sourceTree = "<group>";
		};
		C5B2E70D30400C2A00107F9B /* AppStatus */ = {
			isa = PBXGroup;
			children = (
				C5B2E70C30400C2A00107F9B /* AppStatusManager.swift */,
				C5B2E70F30400D7100107F9B /* AppStatusDialogs.swift */,
			);
			path = AppStatus;
			sourceTree = "<group>";
		};
		DD2F2198302F20850025FC97 = {
			isa = PBXGroup;
			children = (
				DD2F2277302F29FD0025FC97 /* SpiceMonk */,
				DD2F21A2302F20850025FC97 /* Products */,
				5D0E515AB5C2DF7C8F77F179 /* Pods */,
				0D890A37118ECBCCAD676CAB /* Frameworks */,
			);
			sourceTree = "<group>";
		};
		DD2F21A2302F20850025FC97 /* Products */ = {
			isa = PBXGroup;
			children = (
				DD2F21A1302F20850025FC97 /* SpiceMonk.app */,
			);
			name = Products;
			sourceTree = "<group>";
		};
		DD2F2259302F29FD0025FC97 /* Network */ = {
			isa = PBXGroup;
			children = (
				DD2F2256302F29FD0025FC97 /* NetworkServiceManagable.swift */,
				DD2F2257302F29FD0025FC97 /* NetworkServiceManager.swift */,
				DD2F2258302F29FD0025FC97 /* RequestConstant.swift */,
				DD2F229E302F5C010025FC97 /* LenientDecoding.swift */,
			);
			path = Network;
			sourceTree = "<group>";
		};
		DD2F225C302F29FD0025FC97 /* Router */ = {
			isa = PBXGroup;
			children = (
				DD2F225A302F29FD0025FC97 /* APIRouter.swift */,
				DD2F225B302F29FD0025FC97 /* RouterManagable.swift */,
			);
			path = Router;
			sourceTree = "<group>";
		};
		DD2F2260302F29FD0025FC97 /* Core */ = {
			isa = PBXGroup;
			children = (
				C5B2E70D30400C2A00107F9B /* AppStatus */,
				DD2F2259302F29FD0025FC97 /* Network */,
				DD2F225C302F29FD0025FC97 /* Router */,
				DD2F225D302F29FD0025FC97 /* AppRootManager.swift */,
				DD2F225E302F29FD0025FC97 /* NetworkMonitor.swift */,
				DD2F225F302F29FD0025FC97 /* UserDefaultManager.swift */,
				C5F10F67303D79F100525CC1 /* AuthSessionManager.swift */,
			);
			path = Core;
			sourceTree = "<group>";
		};
		DD2F2264302F29FD0025FC97 /* Extensions */ = {
			isa = PBXGroup;
			children = (
				DD2F2261302F29FD0025FC97 /* Color+Extension.swift */,
				DD2F2262302F29FD0025FC97 /* String+Extension.swift */,
				DD2F2263302F29FD0025FC97 /* View+NoInternet.swift */,
			);
			path = Extensions;
			sourceTree = "<group>";
		};
		DD2F2268302F29FD0025FC97 /* Home */ = {
			isa = PBXGroup;
			children = (
				C5784A343039E60000C60492 /* VariantSelectorSheet.swift */,
				DD2F2265302F29FD0025FC97 /* HomeScreen.swift */,
				DD2F2266302F29FD0025FC97 /* HomeServiceManager.swift */,
				DD2F2267302F29FD0025FC97 /* HomeViewModel.swift */,
				DD2F22A0302F6D010025FC97 /* HomeModels.swift */,
				DD2F22A1302F6D010025FC97 /* ProductCard.swift */,
				DD2F22A2302F6D010025FC97 /* HomeWidgetViews.swift */,
				DD2F22A3302F6D010025FC97 /* HomeChrome.swift */,
				DD2F22A8302F6D010025FC97 /* VoiceSearchSheet.swift */,
				DD2F22D0302FB0010025FC97 /* WidgetProductsViewModel.swift */,
				DD2F22D2302FB0010025FC97 /* WidgetProductsScreen.swift */,
				DD2F22D4302FC0010025FC97 /* CategoryProductsViewModel.swift */,
				DD2F22D6302FC0010025FC97 /* CategoryProductsScreen.swift */,
				DD2F22D8302FD0010025FC97 /* ProductDetailViewModel.swift */,
				DD2F22DA302FD0010025FC97 /* ProductDetailScreen.swift */,
				DD2F22DC302FE0010025FC97 /* SearchViewModel.swift */,
				DD2F22DE302FE0010025FC97 /* SearchSuggestionsPane.swift */,
				DD2F22E0302FF0010025FC97 /* HomeTabScreens.swift */,
			);
			path = Home;
			sourceTree = "<group>";
		};
		DD2F226C302F29FD0025FC97 /* Login */ = {
			isa = PBXGroup;
			children = (
				DD2F2269302F29FD0025FC97 /* LoginScreen.swift */,
				DD2F226A302F29FD0025FC97 /* LoginServiceManager.swift */,
				DD2F226B302F29FD0025FC97 /* LoginViewModel.swift */,
				DD2F2292302F3A010025FC97 /* OTPVerifyScreen.swift */,
				DD2F2293302F3A010025FC97 /* OTPVerifyViewModel.swift */,
			);
			path = Login;
			sourceTree = "<group>";
		};
		DD2F226E302F29FD0025FC97 /* Splash */ = {
			isa = PBXGroup;
			children = (
				DD2F226D302F29FD0025FC97 /* SplashScreen.swift */,
			);
			path = Splash;
			sourceTree = "<group>";
		};
		DD2F226F302F29FD0025FC97 /* Screens */ = {
			isa = PBXGroup;
			children = (
				DD2F22A8302F7E010025FC97 /* Address */,
				DD2F22EB303000010025FC97 /* Cart */,
				DD2F2268302F29FD0025FC97 /* Home */,
				DD2F226C302F29FD0025FC97 /* Login */,
				DD2F226E302F29FD0025FC97 /* Splash */,
				C5784A3E3039F03C00C60492 /* Orders */,
			);
			path = Screens;
			sourceTree = "<group>";
		};
		DD2F2272302F29FD0025FC97 /* Utility */ = {
			isa = PBXGroup;
			children = (
				C5784A50303A000100C60492 /* GoogleMapsConfig.swift */,
				C5784A52303A000200C60492 /* LocationManager.swift */,
				C5784A61303A000600C60492 /* AppFont.swift */,
				DD2F2270302F29FD0025FC97 /* AlertToast.swift */,
				DD2F2271302F29FD0025FC97 /* AppConstant.swift */,
				DD2F2290302F3A010025FC97 /* AppTheme.swift */,
				DD2F2291302F3A010025FC97 /* SpiceDecorView.swift */,
				DD2F2298302F4B010025FC97 /* SpiceIllustrations.swift */,
				DD2F2299302F4B010025FC97 /* AnimatedBrandBackground.swift */,
				DD2F229A302F4B010025FC97 /* SpiceBackdrops.swift */,
				DD2F22C0302FA0010025FC97 /* RemoteImage.swift */,
			);
			path = Utility;
			sourceTree = "<group>";
		};
		DD2F2277302F29FD0025FC97 /* SpiceMonk */ = {
			isa = PBXGroup;
			children = (
				C59C009C3045AF6500A44298 /* SpiceMonk.entitlements */,
				DD2F2260302F29FD0025FC97 /* Core */,
				DD2F2264302F29FD0025FC97 /* Extensions */,
				DD2F226F302F29FD0025FC97 /* Screens */,
				DD2F2272302F29FD0025FC97 /* Utility */,
				C5784A6D303A000D00C60492 /* Resources */,
				DD2F2273302F29FD0025FC97 /* AppDelegate.swift */,
				C5784A58303A000500C60492 /* Info.plist */,
				DD2F2274302F29FD0025FC97 /* Assets.xcassets */,
				DD2F2275302F29FD0025FC97 /* LaunchScreen.storyboard */,
				DD2F2276302F29FD0025FC97 /* SpiceMonkApp.swift */,
				C59C00903045596400A44298 /* GoogleService-Info.plist */,
			);
			path = SpiceMonk;
			sourceTree = "<group>";
		};
		DD2F22A8302F7E010025FC97 /* Address */ = {
			isa = PBXGroup;
			children = (
				C58CD04B303C4F5F0038A272 /* SavedAddressesScreen.swift */,
				C5784A54303A000300C60492 /* GoogleMapView.swift */,
				C5784A56303A000400C60492 /* LocationPickerScreen.swift */,
				DD2F22A9302F7E010025FC97 /* AddressModels.swift */,
				DD2F22AA302F7E010025FC97 /* AddressServiceManager.swift */,
				DD2F22AB302F7E010025FC97 /* AddressViewModel.swift */,
				DD2F22AC302F7E010025FC97 /* AddressPickerSheet.swift */,
				DD2F22B1302F8F010025FC97 /* AddressFormViewModel.swift */,
				DD2F22B2302F8F010025FC97 /* AddressFormScreen.swift */,
			);
			path = Address;
			sourceTree = "<group>";
		};
		DD2F22EB303000010025FC97 /* Cart */ = {
			isa = PBXGroup;
			children = (
				C5784A363039EDC300C60492 /* ApplyCouponSheet.swift */,
				DD2F22E2303000010025FC97 /* CartModels.swift */,
				DD2F22E4303000010025FC97 /* CartServiceManager.swift */,
				DD2F22E6303000010025FC97 /* CartViewModel.swift */,
				DD2F22E8303000010025FC97 /* CartScreen.swift */,
				C5784A383039EEA200C60492 /* PaymentMethodPickerSheet.swift */,
				C5784A473039F97500C60492 /* OrderSuccessScreen.swift */,
				C5784A493039FB4700C60492 /* PaymentSimulationSheet.swift */,
			);
			path = Cart;
			sourceTree = "<group>";
		};
/* End PBXGroup section */

/* Begin PBXNativeTarget section */
		DD2F21A0302F20850025FC97 /* SpiceMonk */ = {
			isa = PBXNativeTarget;
			buildConfigurationList = DD2F21AC302F20870025FC97 /* Build configuration list for PBXNativeTarget "SpiceMonk" */;
			buildPhases = (
				B5CDCFD748F5783BAA6D43DD /* [CP] Check Pods Manifest.lock */,
				DD2F219D302F20850025FC97 /* Sources */,
				DD2F219E302F20850025FC97 /* Frameworks */,
				DD2F219F302F20850025FC97 /* Resources */,
				5DECDCC3D3CAB1C117A0A62A /* [CP] Copy Pods Resources */,
				A10E47789A9605D993DE7599 /* [CP] Embed Pods Frameworks */,
			);
			buildRules = (
			);
			dependencies = (
			);
			name = SpiceMonk;
			productName = SpiceMonk;
			productReference = DD2F21A1302F20850025FC97 /* SpiceMonk.app */;
			productType = "com.apple.product-type.application";
		};
/* End PBXNativeTarget section */

/* Begin PBXProject section */
		DD2F2199302F20850025FC97 /* Project object */ = {
			isa = PBXProject;
			attributes = {
				BuildIndependentTargetsInParallel = 1;
				LastSwiftUpdateCheck = 2660;
				LastUpgradeCheck = 2660;
				TargetAttributes = {
					DD2F21A0302F20850025FC97 = {
						CreatedOnToolsVersion = 26.6;
					};
				};
			};
			buildConfigurationList = DD2F219C302F20850025FC97 /* Build configuration list for PBXProject "SpiceMonk" */;
			developmentRegion = en;
			hasScannedForEncodings = 0;
			knownRegions = (
				en,
				Base,
			);
			mainGroup = DD2F2198302F20850025FC97;
			minimizedProjectReferenceProxies = 1;
			preferredProjectObjectVersion = 77;
			productRefGroup = DD2F21A2302F20850025FC97 /* Products */;
			projectDirPath = "";
			projectRoot = "";
			targets = (
				DD2F21A0302F20850025FC97 /* SpiceMonk */,
			);
		};
/* End PBXProject section */

/* Begin PBXResourcesBuildPhase section */
		DD2F219F302F20850025FC97 /* Resources */ = {
			isa = PBXResourcesBuildPhase;
			buildActionMask = 2147483647;
			files = (
				DD2F2278302F29FD0025FC97 /* Assets.xcassets in Resources */,
				C59C00913045596400A44298 /* GoogleService-Info.plist in Resources */,
				DD2F2279302F29FD0025FC97 /* LaunchScreen.storyboard in Resources */,
				C5784A62303A000700C60492 /* DMSans-Regular.ttf in Resources */,
				C5784A64303A000800C60492 /* DMSans-Medium.ttf in Resources */,
				C5784A66303A000900C60492 /* DMSans-Bold.ttf in Resources */,
				C5784A68303A000A00C60492 /* DMSans-Italic.ttf in Resources */,
				C5784A6A303A000B00C60492 /* DMSans-BoldItalic.ttf in Resources */,
			);
			runOnlyForDeploymentPostprocessing = 0;
		};
/* End PBXResourcesBuildPhase section */

/* Begin PBXShellScriptBuildPhase section */
		5DECDCC3D3CAB1C117A0A62A /* [CP] Copy Pods Resources */ = {
			isa = PBXShellScriptBuildPhase;
			buildActionMask = 2147483647;
			files = (
			);
			inputFileListPaths = (
				"${PODS_ROOT}/Target Support Files/Pods-SpiceMonk/Pods-SpiceMonk-resources-${CONFIGURATION}-input-files.xcfilelist",
			);
			inputPaths = (
			);
			name = "[CP] Copy Pods Resources";
			outputFileListPaths = (
				"${PODS_ROOT}/Target Support Files/Pods-SpiceMonk/Pods-SpiceMonk-resources-${CONFIGURATION}-output-files.xcfilelist",
			);
			outputPaths = (
			);
			runOnlyForDeploymentPostprocessing = 0;
			shellPath = /bin/sh;
			shellScript = "\"${PODS_ROOT}/Target Support Files/Pods-SpiceMonk/Pods-SpiceMonk-resources.sh\"\n";
			showEnvVarsInLog = 0;
		};
		A10E47789A9605D993DE7599 /* [CP] Embed Pods Frameworks */ = {
			isa = PBXShellScriptBuildPhase;
			buildActionMask = 2147483647;
			files = (
			);
			inputFileListPaths = (
				"${PODS_ROOT}/Target Support Files/Pods-SpiceMonk/Pods-SpiceMonk-frameworks-${CONFIGURATION}-input-files.xcfilelist",
			);
			inputPaths = (
			);
			name = "[CP] Embed Pods Frameworks";
			outputFileListPaths = (
				"${PODS_ROOT}/Target Support Files/Pods-SpiceMonk/Pods-SpiceMonk-frameworks-${CONFIGURATION}-output-files.xcfilelist",
			);
			outputPaths = (
			);
			runOnlyForDeploymentPostprocessing = 0;
			shellPath = /bin/sh;
			shellScript = "\"${PODS_ROOT}/Target Support Files/Pods-SpiceMonk/Pods-SpiceMonk-frameworks.sh\"\n";
			showEnvVarsInLog = 0;
		};
		B5CDCFD748F5783BAA6D43DD /* [CP] Check Pods Manifest.lock */ = {
			isa = PBXShellScriptBuildPhase;
			buildActionMask = 2147483647;
			files = (
			);
			inputFileListPaths = (
			);
			inputPaths = (
				"${PODS_PODFILE_DIR_PATH}/Podfile.lock",
				"${PODS_ROOT}/Manifest.lock",
			);
			name = "[CP] Check Pods Manifest.lock";
			outputFileListPaths = (
			);
			outputPaths = (
				"$(DERIVED_FILE_DIR)/Pods-SpiceMonk-checkManifestLockResult.txt",
			);
			runOnlyForDeploymentPostprocessing = 0;
			shellPath = /bin/sh;
			shellScript = "diff \"${PODS_PODFILE_DIR_PATH}/Podfile.lock\" \"${PODS_ROOT}/Manifest.lock\" > /dev/null\nif [ $? != 0 ] ; then\n    # print error to STDERR\n    echo \"error: The sandbox is not in sync with the Podfile.lock. Run 'pod install' or update your CocoaPods installation.\" >&2\n    exit 1\nfi\n# This output is used by Xcode 'outputs' to avoid re-running this script phase.\necho \"SUCCESS\" > \"${SCRIPT_OUTPUT_FILE_0}\"\n";
			showEnvVarsInLog = 0;
		};
/* End PBXShellScriptBuildPhase section */

/* Begin PBXSourcesBuildPhase section */
		DD2F219D302F20850025FC97 /* Sources */ = {
			isa = PBXSourcesBuildPhase;
			buildActionMask = 2147483647;
			files = (
				DD2F227A302F29FD0025FC97 /* NetworkServiceManagable.swift in Sources */,
				C5784A3F3039F03C00C60492 /* OrderModels.swift in Sources */,
				C5784A403039F03C00C60492 /* OrderServiceManager.swift in Sources */,
				C5784A413039F03C00C60492 /* OrdersScreen.swift in Sources */,
				C5784A423039F03C00C60492 /* OrdersViewModel.swift in Sources */,
				C5B2E71030400D7100107F9B /* AppStatusDialogs.swift in Sources */,
				DD2F227B302F29FD0025FC97 /* NetworkServiceManager.swift in Sources */,
				DD2F227C302F29FD0025FC97 /* RequestConstant.swift in Sources */,
				DD2F229F302F5C010025FC97 /* LenientDecoding.swift in Sources */,
				DD2F227D302F29FD0025FC97 /* APIRouter.swift in Sources */,
				DD2F227E302F29FD0025FC97 /* RouterManagable.swift in Sources */,
				DD2F227F302F29FD0025FC97 /* AppRootManager.swift in Sources */,
				DD2F2280302F29FD0025FC97 /* NetworkMonitor.swift in Sources */,
				DD2F2281302F29FD0025FC97 /* UserDefaultManager.swift in Sources */,
				C5784A353039E60000C60492 /* VariantSelectorSheet.swift in Sources */,
				DD2F2282302F29FD0025FC97 /* Color+Extension.swift in Sources */,
				C5784A393039EEA200C60492 /* PaymentMethodPickerSheet.swift in Sources */,
				DD2F2283302F29FD0025FC97 /* String+Extension.swift in Sources */,
				C5784A373039EDC300C60492 /* ApplyCouponSheet.swift in Sources */,
				DD2F2284302F29FD0025FC97 /* View+NoInternet.swift in Sources */,
				DD2F2285302F29FD0025FC97 /* HomeScreen.swift in Sources */,
				DD2F22A4302F6D010025FC97 /* HomeModels.swift in Sources */,
				C5784A4A3039FB4700C60492 /* PaymentSimulationSheet.swift in Sources */,
				DD2F22A5302F6D010025FC97 /* ProductCard.swift in Sources */,
				DD2F22A6302F6D010025FC97 /* HomeWidgetViews.swift in Sources */,
				DD2F22A7302F6D010025FC97 /* HomeChrome.swift in Sources */,
				DD2F22A9302F6D010025FC97 /* VoiceSearchSheet.swift in Sources */,
				DD2F22D1302FB0010025FC97 /* WidgetProductsViewModel.swift in Sources */,
				C58CD04C303C4F5F0038A272 /* SavedAddressesScreen.swift in Sources */,
				DD2F22D3302FB0010025FC97 /* WidgetProductsScreen.swift in Sources */,
				DD2F22D5302FC0010025FC97 /* CategoryProductsViewModel.swift in Sources */,
				C5784A453039F6A800C60492 /* OrderDetailViewModel.swift in Sources */,
				C5784A463039F6A800C60492 /* OrderDetailScreen.swift in Sources */,
				DD2F22D7302FC0010025FC97 /* CategoryProductsScreen.swift in Sources */,
				DD2F22D9302FD0010025FC97 /* ProductDetailViewModel.swift in Sources */,
				C5B2E70E30400C2A00107F9B /* AppStatusManager.swift in Sources */,
				DD2F22DB302FD0010025FC97 /* ProductDetailScreen.swift in Sources */,
				DD2F22DD302FE0010025FC97 /* SearchViewModel.swift in Sources */,
				DD2F22DF302FE0010025FC97 /* SearchSuggestionsPane.swift in Sources */,
				DD2F22E1302FF0010025FC97 /* HomeTabScreens.swift in Sources */,
				DD2F22E3303000010025FC97 /* CartModels.swift in Sources */,
				DD2F22E5303000010025FC97 /* CartServiceManager.swift in Sources */,
				DD2F22E7303000010025FC97 /* CartViewModel.swift in Sources */,
				DD2F22E9303000010025FC97 /* CartScreen.swift in Sources */,
				DD2F22AD302F7E010025FC97 /* AddressModels.swift in Sources */,
				C5784A483039F97500C60492 /* OrderSuccessScreen.swift in Sources */,
				DD2F22AE302F7E010025FC97 /* AddressServiceManager.swift in Sources */,
				DD2F22AF302F7E010025FC97 /* AddressViewModel.swift in Sources */,
				DD2F22B0302F7E010025FC97 /* AddressPickerSheet.swift in Sources */,
				DD2F22B3302F8F010025FC97 /* AddressFormViewModel.swift in Sources */,
				DD2F22B4302F8F010025FC97 /* AddressFormScreen.swift in Sources */,
				DD2F2286302F29FD0025FC97 /* HomeServiceManager.swift in Sources */,
				DD2F2287302F29FD0025FC97 /* HomeViewModel.swift in Sources */,
				DD2F2288302F29FD0025FC97 /* LoginScreen.swift in Sources */,
				DD2F2289302F29FD0025FC97 /* LoginServiceManager.swift in Sources */,
				C5F10F68303D79F100525CC1 /* AuthSessionManager.swift in Sources */,
				DD2F228A302F29FD0025FC97 /* LoginViewModel.swift in Sources */,
				DD2F228B302F29FD0025FC97 /* SplashScreen.swift in Sources */,
				DD2F228C302F29FD0025FC97 /* AlertToast.swift in Sources */,
				DD2F228D302F29FD0025FC97 /* AppConstant.swift in Sources */,
				DD2F228E302F29FD0025FC97 /* AppDelegate.swift in Sources */,
				C5784A51303A000100C60492 /* GoogleMapsConfig.swift in Sources */,
				C5784A53303A000200C60492 /* LocationManager.swift in Sources */,
				C5784A55303A000300C60492 /* GoogleMapView.swift in Sources */,
				C5784A57303A000400C60492 /* LocationPickerScreen.swift in Sources */,
				DD2F228F302F29FD0025FC97 /* SpiceMonkApp.swift in Sources */,
				C5784A60303A000600C60492 /* AppFont.swift in Sources */,
				DD2F2294302F3A010025FC97 /* AppTheme.swift in Sources */,
				DD2F2295302F3A010025FC97 /* SpiceDecorView.swift in Sources */,
				DD2F2296302F3A010025FC97 /* OTPVerifyScreen.swift in Sources */,
				DD2F2297302F3A010025FC97 /* OTPVerifyViewModel.swift in Sources */,
				DD2F229B302F4B010025FC97 /* SpiceIllustrations.swift in Sources */,
				DD2F229C302F4B010025FC97 /* AnimatedBrandBackground.swift in Sources */,
				DD2F229D302F4B010025FC97 /* SpiceBackdrops.swift in Sources */,
				DD2F22C1302FA0010025FC97 /* RemoteImage.swift in Sources */,
			);
			runOnlyForDeploymentPostprocessing = 0;
		};
/* End PBXSourcesBuildPhase section */

/* Begin XCBuildConfiguration section */
		DD2F21AA302F20870025FC97 /* Debug */ = {
			isa = XCBuildConfiguration;
			buildSettings = {
				ALWAYS_SEARCH_USER_PATHS = NO;
				ASSETCATALOG_COMPILER_GENERATE_SWIFT_ASSET_SYMBOL_EXTENSIONS = YES;
				CLANG_ANALYZER_NONNULL = YES;
				CLANG_ANALYZER_NUMBER_OBJECT_CONVERSION = YES_AGGRESSIVE;
				CLANG_CXX_LANGUAGE_STANDARD = "gnu++20";
				CLANG_ENABLE_MODULES = YES;
				CLANG_ENABLE_OBJC_ARC = YES;
				CLANG_ENABLE_OBJC_WEAK = YES;
				CLANG_WARN_BLOCK_CAPTURE_AUTORELEASING = YES;
				CLANG_WARN_BOOL_CONVERSION = YES;
				CLANG_WARN_COMMA = YES;
				CLANG_WARN_CONSTANT_CONVERSION = YES;
				CLANG_WARN_DEPRECATED_OBJC_IMPLEMENTATIONS = YES;
				CLANG_WARN_DIRECT_OBJC_ISA_USAGE = YES_ERROR;
				CLANG_WARN_DOCUMENTATION_COMMENTS = YES;
				CLANG_WARN_EMPTY_BODY = YES;
				CLANG_WARN_ENUM_CONVERSION = YES;
				CLANG_WARN_INFINITE_RECURSION = YES;
				CLANG_WARN_INT_CONVERSION = YES;
				CLANG_WARN_NON_LITERAL_NULL_CONVERSION = YES;
				CLANG_WARN_OBJC_IMPLICIT_RETAIN_SELF = YES;
				CLANG_WARN_OBJC_LITERAL_CONVERSION = YES;
				CLANG_WARN_OBJC_ROOT_CLASS = YES_ERROR;
				CLANG_WARN_QUOTED_INCLUDE_IN_FRAMEWORK_HEADER = YES;
				CLANG_WARN_RANGE_LOOP_ANALYSIS = YES;
				CLANG_WARN_STRICT_PROTOTYPES = YES;
				CLANG_WARN_SUSPICIOUS_MOVE = YES;
				CLANG_WARN_UNGUARDED_AVAILABILITY = YES_AGGRESSIVE;
				CLANG_WARN_UNREACHABLE_CODE = YES;
				CLANG_WARN__DUPLICATE_METHOD_MATCH = YES;
				COPY_PHASE_STRIP = NO;
				DEBUG_INFORMATION_FORMAT = dwarf;
				ENABLE_STRICT_OBJC_MSGSEND = YES;
				ENABLE_TESTABILITY = YES;
				ENABLE_USER_SCRIPT_SANDBOXING = YES;
				GCC_C_LANGUAGE_STANDARD = gnu17;
				GCC_DYNAMIC_NO_PIC = NO;
				GCC_NO_COMMON_BLOCKS = YES;
				GCC_OPTIMIZATION_LEVEL = 0;
				GCC_PREPROCESSOR_DEFINITIONS = (
					"DEBUG=1",
					"$(inherited)",
				);
				GCC_WARN_64_TO_32_BIT_CONVERSION = YES;
				GCC_WARN_ABOUT_RETURN_TYPE = YES_ERROR;
				GCC_WARN_UNDECLARED_SELECTOR = YES;
				GCC_WARN_UNINITIALIZED_AUTOS = YES_AGGRESSIVE;
				GCC_WARN_UNUSED_FUNCTION = YES;
				GCC_WARN_UNUSED_VARIABLE = YES;
				LOCALIZATION_PREFERS_STRING_CATALOGS = YES;
				MTL_ENABLE_DEBUG_INFO = INCLUDE_SOURCE;
				MTL_FAST_MATH = YES;
				ONLY_ACTIVE_ARCH = YES;
				SWIFT_ACTIVE_COMPILATION_CONDITIONS = "DEBUG $(inherited)";
				SWIFT_OPTIMIZATION_LEVEL = "-Onone";
			};
			name = Debug;
		};
		DD2F21AB302F20870025FC97 /* Release */ = {
			isa = XCBuildConfiguration;
			buildSettings = {
				ALWAYS_SEARCH_USER_PATHS = NO;
				ASSETCATALOG_COMPILER_GENERATE_SWIFT_ASSET_SYMBOL_EXTENSIONS = YES;
				CLANG_ANALYZER_NONNULL = YES;
				CLANG_ANALYZER_NUMBER_OBJECT_CONVERSION = YES_AGGRESSIVE;
				CLANG_CXX_LANGUAGE_STANDARD = "gnu++20";
				CLANG_ENABLE_MODULES = YES;
				CLANG_ENABLE_OBJC_ARC = YES;
				CLANG_ENABLE_OBJC_WEAK = YES;
				CLANG_WARN_BLOCK_CAPTURE_AUTORELEASING = YES;
				CLANG_WARN_BOOL_CONVERSION = YES;
				CLANG_WARN_COMMA = YES;
				CLANG_WARN_CONSTANT_CONVERSION = YES;
				CLANG_WARN_DEPRECATED_OBJC_IMPLEMENTATIONS = YES;
				CLANG_WARN_DIRECT_OBJC_ISA_USAGE = YES_ERROR;
				CLANG_WARN_DOCUMENTATION_COMMENTS = YES;
				CLANG_WARN_EMPTY_BODY = YES;
				CLANG_WARN_ENUM_CONVERSION = YES;
				CLANG_WARN_INFINITE_RECURSION = YES;
				CLANG_WARN_INT_CONVERSION = YES;
				CLANG_WARN_NON_LITERAL_NULL_CONVERSION = YES;
				CLANG_WARN_OBJC_IMPLICIT_RETAIN_SELF = YES;
				CLANG_WARN_OBJC_LITERAL_CONVERSION = YES;
				CLANG_WARN_OBJC_ROOT_CLASS = YES_ERROR;
				CLANG_WARN_QUOTED_INCLUDE_IN_FRAMEWORK_HEADER = YES;
				CLANG_WARN_RANGE_LOOP_ANALYSIS = YES;
				CLANG_WARN_STRICT_PROTOTYPES = YES;
				CLANG_WARN_SUSPICIOUS_MOVE = YES;
				CLANG_WARN_UNGUARDED_AVAILABILITY = YES_AGGRESSIVE;
				CLANG_WARN_UNREACHABLE_CODE = YES;
				CLANG_WARN__DUPLICATE_METHOD_MATCH = YES;
				COPY_PHASE_STRIP = NO;
				DEBUG_INFORMATION_FORMAT = "dwarf-with-dsym";
				ENABLE_NS_ASSERTIONS = NO;
				ENABLE_STRICT_OBJC_MSGSEND = YES;
				ENABLE_USER_SCRIPT_SANDBOXING = YES;
				GCC_C_LANGUAGE_STANDARD = gnu17;
				GCC_NO_COMMON_BLOCKS = YES;
				GCC_WARN_64_TO_32_BIT_CONVERSION = YES;
				GCC_WARN_ABOUT_RETURN_TYPE = YES_ERROR;
				GCC_WARN_UNDECLARED_SELECTOR = YES;
				GCC_WARN_UNINITIALIZED_AUTOS = YES_AGGRESSIVE;
				GCC_WARN_UNUSED_FUNCTION = YES;
				GCC_WARN_UNUSED_VARIABLE = YES;
				LOCALIZATION_PREFERS_STRING_CATALOGS = YES;
				MTL_ENABLE_DEBUG_INFO = NO;
				MTL_FAST_MATH = YES;
				SWIFT_COMPILATION_MODE = wholemodule;
			};
			name = Release;
		};
		DD2F21AD302F20870025FC97 /* Debug */ = {
			isa = XCBuildConfiguration;
			baseConfigurationReference = 429F89C368C7C076766D02F9 /* Pods-SpiceMonk.debug.xcconfig */;
			buildSettings = {
				ASSETCATALOG_COMPILER_APPICON_NAME = AppIcon;
				ASSETCATALOG_COMPILER_GLOBAL_ACCENT_COLOR_NAME = AccentColor;
				CODE_SIGN_ENTITLEMENTS = SpiceMonk/SpiceMonk.entitlements;
				CODE_SIGN_STYLE = Automatic;
				CURRENT_PROJECT_VERSION = 1;
				DEVELOPMENT_TEAM = TP9YK56DA7;
				ENABLE_APP_SANDBOX = YES;
				ENABLE_PREVIEWS = YES;
				ENABLE_USER_SCRIPT_SANDBOXING = NO;
				ENABLE_USER_SELECTED_FILES = readonly;
				GENERATE_INFOPLIST_FILE = YES;
				INFOPLIST_FILE = SpiceMonk/Info.plist;
				INFOPLIST_KEY_CFBundleDisplayName = "Spice Monk";
				INFOPLIST_KEY_GoogleMapsAPIKey = "";
				INFOPLIST_KEY_NSLocationAlwaysAndWhenInUseUsageDescription = "SpiceMonk uses your location to provide accurate address selection and delivery tracking.";
				INFOPLIST_KEY_NSLocationWhenInUseUsageDescription = "SpiceMonk needs your location to help you select delivery addresses accurately and show nearby stores.";
				INFOPLIST_KEY_NSMicrophoneUsageDescription = "SpiceMonk needs access to your microphone to let you search products by voice.";
				INFOPLIST_KEY_NSSpeechRecognitionUsageDescription = "SpiceMonk uses speech recognition to convert your voice into search queries for spices and groceries.";
				"INFOPLIST_KEY_UIApplicationSceneManifest_Generation[sdk=iphoneos*]" = YES;
				"INFOPLIST_KEY_UIApplicationSceneManifest_Generation[sdk=iphonesimulator*]" = YES;
				"INFOPLIST_KEY_UIApplicationSupportsIndirectInputEvents[sdk=iphoneos*]" = YES;
				"INFOPLIST_KEY_UIApplicationSupportsIndirectInputEvents[sdk=iphonesimulator*]" = YES;
				"INFOPLIST_KEY_UILaunchScreen_Generation[sdk=iphoneos*]" = NO;
				"INFOPLIST_KEY_UILaunchScreen_Generation[sdk=iphonesimulator*]" = NO;
				INFOPLIST_KEY_UILaunchStoryboardName = LaunchScreen;
				"INFOPLIST_KEY_UIStatusBarStyle[sdk=iphoneos*]" = UIStatusBarStyleDefault;
				"INFOPLIST_KEY_UIStatusBarStyle[sdk=iphonesimulator*]" = UIStatusBarStyleDefault;
				INFOPLIST_KEY_UISupportedInterfaceOrientations = UIInterfaceOrientationPortrait;
				INFOPLIST_KEY_UISupportedInterfaceOrientations_iPad = "UIInterfaceOrientationLandscapeLeft UIInterfaceOrientationLandscapeRight UIInterfaceOrientationPortrait UIInterfaceOrientationPortraitUpsideDown";
				INFOPLIST_KEY_UIUserInterfaceStyle = Light;
				IPHONEOS_DEPLOYMENT_TARGET = 18.0;
				LD_RUNPATH_SEARCH_PATHS = (
					"$(inherited)",
					"@executable_path/Frameworks",
				);
				"LD_RUNPATH_SEARCH_PATHS[sdk=macosx*]" = "@executable_path/../Frameworks";
				MACOSX_DEPLOYMENT_TARGET = 26.5;
				MARKETING_VERSION = 1.0;
				PRODUCT_BUNDLE_IDENTIFIER = com.SpiceMonk.app;
				PRODUCT_NAME = "$(TARGET_NAME)";
				REGISTER_APP_GROUPS = YES;
				SDKROOT = auto;
				STRING_CATALOG_GENERATE_SYMBOLS = YES;
				SUPPORTED_PLATFORMS = "iphoneos iphonesimulator";
				SUPPORTS_MACCATALYST = NO;
				SWIFT_APPROACHABLE_CONCURRENCY = YES;
				SWIFT_DEFAULT_ACTOR_ISOLATION = MainActor;
				SWIFT_EMIT_LOC_STRINGS = YES;
				SWIFT_UPCOMING_FEATURE_MEMBER_IMPORT_VISIBILITY = YES;
				SWIFT_VERSION = 5.0;
				TARGETED_DEVICE_FAMILY = 1;
				XROS_DEPLOYMENT_TARGET = 26.5;
			};
			name = Debug;
		};
		DD2F21AE302F20870025FC97 /* Release */ = {
			isa = XCBuildConfiguration;
			baseConfigurationReference = 8D15CEC326777E54DCEB7B24 /* Pods-SpiceMonk.release.xcconfig */;
			buildSettings = {
				ASSETCATALOG_COMPILER_APPICON_NAME = AppIcon;
				ASSETCATALOG_COMPILER_GLOBAL_ACCENT_COLOR_NAME = AccentColor;
				CODE_SIGN_ENTITLEMENTS = SpiceMonk/SpiceMonk.entitlements;
				CODE_SIGN_STYLE = Automatic;
				CURRENT_PROJECT_VERSION = 1;
				DEVELOPMENT_TEAM = TP9YK56DA7;
				ENABLE_APP_SANDBOX = YES;
				ENABLE_PREVIEWS = YES;
				ENABLE_USER_SCRIPT_SANDBOXING = NO;
				ENABLE_USER_SELECTED_FILES = readonly;
				GENERATE_INFOPLIST_FILE = YES;
				INFOPLIST_FILE = SpiceMonk/Info.plist;
				INFOPLIST_KEY_CFBundleDisplayName = "Spice Monk";
				INFOPLIST_KEY_GoogleMapsAPIKey = "";
				INFOPLIST_KEY_NSLocationAlwaysAndWhenInUseUsageDescription = "SpiceMonk uses your location to provide accurate address selection and delivery tracking.";
				INFOPLIST_KEY_NSLocationWhenInUseUsageDescription = "SpiceMonk needs your location to help you select delivery addresses accurately and show nearby stores.";
				INFOPLIST_KEY_NSMicrophoneUsageDescription = "SpiceMonk needs access to your microphone to let you search products by voice.";
				INFOPLIST_KEY_NSSpeechRecognitionUsageDescription = "SpiceMonk uses speech recognition to convert your voice into search queries for spices and groceries.";
				"INFOPLIST_KEY_UIApplicationSceneManifest_Generation[sdk=iphoneos*]" = YES;
				"INFOPLIST_KEY_UIApplicationSceneManifest_Generation[sdk=iphonesimulator*]" = YES;
				"INFOPLIST_KEY_UIApplicationSupportsIndirectInputEvents[sdk=iphoneos*]" = YES;
				"INFOPLIST_KEY_UIApplicationSupportsIndirectInputEvents[sdk=iphonesimulator*]" = YES;
				"INFOPLIST_KEY_UILaunchScreen_Generation[sdk=iphoneos*]" = NO;
				"INFOPLIST_KEY_UILaunchScreen_Generation[sdk=iphonesimulator*]" = NO;
				INFOPLIST_KEY_UILaunchStoryboardName = LaunchScreen;
				"INFOPLIST_KEY_UIStatusBarStyle[sdk=iphoneos*]" = UIStatusBarStyleDefault;
				"INFOPLIST_KEY_UIStatusBarStyle[sdk=iphonesimulator*]" = UIStatusBarStyleDefault;
				INFOPLIST_KEY_UISupportedInterfaceOrientations = UIInterfaceOrientationPortrait;
				INFOPLIST_KEY_UISupportedInterfaceOrientations_iPad = "UIInterfaceOrientationLandscapeLeft UIInterfaceOrientationLandscapeRight UIInterfaceOrientationPortrait UIInterfaceOrientationPortraitUpsideDown";
				INFOPLIST_KEY_UIUserInterfaceStyle = Light;
				IPHONEOS_DEPLOYMENT_TARGET = 18.0;
				LD_RUNPATH_SEARCH_PATHS = (
					"$(inherited)",
					"@executable_path/Frameworks",
				);
				"LD_RUNPATH_SEARCH_PATHS[sdk=macosx*]" = "@executable_path/../Frameworks";
				MACOSX_DEPLOYMENT_TARGET = 26.5;
				MARKETING_VERSION = 1.0;
				PRODUCT_BUNDLE_IDENTIFIER = com.SpiceMonk.app;
				PRODUCT_NAME = "$(TARGET_NAME)";
				REGISTER_APP_GROUPS = YES;
				SDKROOT = auto;
				STRING_CATALOG_GENERATE_SYMBOLS = YES;
				SUPPORTED_PLATFORMS = "iphoneos iphonesimulator";
				SUPPORTS_MACCATALYST = NO;
				SWIFT_APPROACHABLE_CONCURRENCY = YES;
				SWIFT_DEFAULT_ACTOR_ISOLATION = MainActor;
				SWIFT_EMIT_LOC_STRINGS = YES;
				SWIFT_UPCOMING_FEATURE_MEMBER_IMPORT_VISIBILITY = YES;
				SWIFT_VERSION = 5.0;
				TARGETED_DEVICE_FAMILY = 1;
				XROS_DEPLOYMENT_TARGET = 26.5;
			};
			name = Release;
		};
/* End XCBuildConfiguration section */

/* Begin XCConfigurationList section */
		DD2F219C302F20850025FC97 /* Build configuration list for PBXProject "SpiceMonk" */ = {
			isa = XCConfigurationList;
			buildConfigurations = (
				DD2F21AA302F20870025FC97 /* Debug */,
				DD2F21AB302F20870025FC97 /* Release */,
			);
			defaultConfigurationIsVisible = 0;
			defaultConfigurationName = Release;
		};
		DD2F21AC302F20870025FC97 /* Build configuration list for PBXNativeTarget "SpiceMonk" */ = {
			isa = XCConfigurationList;
			buildConfigurations = (
				DD2F21AD302F20870025FC97 /* Debug */,
				DD2F21AE302F20870025FC97 /* Release */,
			);
			defaultConfigurationIsVisible = 0;
			defaultConfigurationName = Release;
		};
/* End XCConfigurationList section */
	};
	rootObject = DD2F2199302F20850025FC97 /* Project object */;
}
